
Microsoft Visual Studio Solution File, Format Version 12.00
# Visual Studio Version 16
VisualStudioVersion = 16.0.29806.167
MinimumVisualStudioVersion = 10.0.40219.1
Project("{2150E333-8FDC-42A3-9474-1A3956D46DE8}") = "Customer", "Customer", "{28ECF5C9-2B0C-4ADA-872A-945860B98282}"
EndProject
Project("{2150E333-8FDC-42A3-9474-1A3956D46DE8}") = "Services", "Services", "{83E91874-65F3-4D12-B942-A4CF368E76DC}"
EndProject
Project("{FAE04EC0-301F-11D3-BF4B-00C04F79EFBC}") = "MyServiceA", "MyServiceA\MyServiceA.csproj", "{0467D2A4-B543-4541-84E1-86D5AC48655B}"
EndProject
Project("{FAE04EC0-301F-11D3-BF4B-00C04F79EFBC}") = "MyServiceB", "MyServiceB\MyServiceB.csproj", "{B876C1EE-3B04-4B83-B1F2-86C10A4AFF1D}"
EndProject
Project("{FAE04EC0-301F-11D3-BF4B-00C04F79EFBC}") = "ConsulServiceRegistration", "ConsulServiceRegistration\ConsulServiceRegistration.csproj", "{634D1800-E9D8-44FE-A6A0-012EF08246B7}"
EndProject
Project("{FAE04EC0-301F-11D3-BF4B-00C04F79EFBC}") = "ServiceDiscovery", "ServiceDiscovery\ServiceDiscovery.csproj", "{EEBA4236-1FE8-4B69-A57A-96FB7AEC9777}"
EndProject
Project("{FAE04EC0-301F-11D3-BF4B-00C04F79EFBC}") = "test", "test\test.csproj", "{42108830-C4D0-484C-B7B0-2105BB3BF04A}"
EndProject
Project("{FAE04EC0-301F-11D3-BF4B-00C04F79EFBC}") = "ServiceCustomer", "ServiceCustomer\ServiceCustomer.csproj", "{09FF6A26-C8B9-4261-A940-75FF3024EADF}"
EndProject
Project("{2150E333-8FDC-42A3-9474-1A3956D46DE8}") = "Polly", "Polly", "{66E4B629-6650-44BD-A67F-25F21944A10B}"
EndProject
Project("{2150E333-8FDC-42A3-9474-1A3956D46DE8}") = "ApiGateway", "ApiGateway", "{E66A8D7D-6CB6-4801-8B9F-626B7D744ED3}"
EndProject
Project("{FAE04EC0-301F-11D3-BF4B-00C04F79EFBC}") = "PollyDemo", "PollyDemo\PollyDemo.csproj", "{67671B21-0814-4014-9D43-E38102D0B7BF}"
EndProject
Project("{FAE04EC0-301F-11D3-BF4B-00C04F79EFBC}") = "ServiceCustomerWithPolly", "ServiceCustomerWithPolly\ServiceCustomerWithPolly.csproj", "{9D63B745-152F-4260-8473-48E31AF6661D}"
EndProject
Project("{FAE04EC0-301F-11D3-BF4B-00C04F79EFBC}") = "ApiGatewayWeb", "ApiGatewayWeb\ApiGatewayWeb.csproj", "{07A1C1BA-17CF-4756-B5A2-129E7EA2AAC8}"
EndProject
Global
	GlobalSection(SolutionConfigurationPlatforms) = preSolution
		Debug|Any CPU = Debug|Any CPU
		Release|Any CPU = Release|Any CPU
	EndGlobalSection
	GlobalSection(ProjectConfigurationPlatforms) = postSolution
		{0467D2A4-B543-4541-84E1-86D5AC48655B}.Debug|Any CPU.ActiveCfg = Debug|Any CPU
		{0467D2A4-B543-4541-84E1-86D5AC48655B}.Debug|Any CPU.Build.0 = Debug|Any CPU
		{0467D2A4-B543-4541-84E1-86D5AC48655B}.Release|Any CPU.ActiveCfg = Release|Any CPU
		{0467D2A4-B543-4541-84E1-86D5AC48655B}.Release|Any CPU.Build.0 = Release|Any CPU
		{B876C1EE-3B04-4B83-B1F2-86C10A4AFF1D}.Debug|Any CPU.ActiveCfg = Debug|Any CPU
		{B876C1EE-3B04-4B83-B1F2-86C10A4AFF1D}.Debug|Any CPU.Build.0 = Debug|Any CPU
		{B876C1EE-3B04-4B83-B1F2-86C10A4AFF1D}.Release|Any CPU.ActiveCfg = Release|Any CPU
		{B876C1EE-3B04-4B83-B1F2-86C10A4AFF1D}.Release|Any CPU.Build.0 = Release|Any CPU
		{634D1800-E9D8-44FE-A6A0-012EF08246B7}.Debug|Any CPU.ActiveCfg = Debug|Any CPU
		{634D1800-E9D8-44FE-A6A0-012EF08246B7}.Debug|Any CPU.Build.0 = Debug|Any CPU
		{634D1800-E9D8-44FE-A6A0-012EF08246B7}.Release|Any CPU.ActiveCfg = Release|Any CPU
		{634D1800-E9D8-44FE-A6A0-012EF08246B7}.Release|Any CPU.Build.0 = Release|Any CPU
		{EEBA4236-1FE8-4B69-A57A-96FB7AEC9777}.Debug|Any CPU.ActiveCfg = Debug|Any CPU
		{EEBA4236-1FE8-4B69-A57A-96FB7AEC9777}.Debug|Any CPU.Build.0 = Debug|Any CPU
		{EEBA4236-1FE8-4B69-A57A-96FB7AEC9777}.Release|Any CPU.ActiveCfg = Release|Any CPU
		{EEBA4236-1FE8-4B69-A57A-96FB7AEC9777}.Release|Any CPU.Build.0 = Release|Any CPU
		{42108830-C4D0-484C-B7B0-2105BB3BF04A}.Debug|Any CPU.ActiveCfg = Debug|Any CPU
		{42108830-C4D0-484C-B7B0-2105BB3BF04A}.Debug|Any CPU.Build.0 = Debug|Any CPU
		{42108830-C4D0-484C-B7B0-2105BB3BF04A}.Release|Any CPU.ActiveCfg = Release|Any CPU
		{42108830-C4D0-484C-B7B0-2105BB3BF04A}.Release|Any CPU.Build.0 = Release|Any CPU
		{09FF6A26-C8B9-4261-A940-75FF3024EADF}.Debug|Any CPU.ActiveCfg = Debug|Any CPU
		{09FF6A26-C8B9-4261-A940-75FF3024EADF}.Debug|Any CPU.Build.0 = Debug|Any CPU
		{09FF6A26-C8B9-4261-A940-75FF3024EADF}.Release|Any CPU.ActiveCfg = Release|Any CPU
		{09FF6A26-C8B9-4261-A940-75FF3024EADF}.Release|Any CPU.Build.0 = Release|Any CPU
		{67671B21-0814-4014-9D43-E38102D0B7BF}.Debug|Any CPU.ActiveCfg = Debug|Any CPU
		{67671B21-0814-4014-9D43-E38102D0B7BF}.Debug|Any CPU.Build.0 = Debug|Any CPU
		{67671B21-0814-4014-9D43-E38102D0B7BF}.Release|Any CPU.ActiveCfg = Release|Any CPU
		{67671B21-0814-4014-9D43-E38102D0B7BF}.Release|Any CPU.Build.0 = Release|Any CPU
		{9D63B745-152F-4260-8473-48E31AF6661D}.Debug|Any CPU.ActiveCfg = Debug|Any CPU
		{9D63B745-152F-4260-8473-48E31AF6661D}.Debug|Any CPU.Build.0 = Debug|Any CPU
		{9D63B745-152F-4260-8473-48E31AF6661D}.Release|Any CPU.ActiveCfg = Release|Any CPU
		{9D63B745-152F-4260-8473-48E31AF6661D}.Release|Any CPU.Build.0 = Release|Any CPU
		{07A1C1BA-17CF-4756-B5A2-129E7EA2AAC8}.Debug|Any CPU.ActiveCfg = Debug|Any CPU
		{07A1C1BA-17CF-4756-B5A2-129E7EA2AAC8}.Debug|Any CPU.Build.0 = Debug|Any CPU
		{07A1C1BA-17CF-4756-B5A2-129E7EA2AAC8}.Release|Any CPU.ActiveCfg = Release|Any CPU
		{07A1C1BA-17CF-4756-B5A2-129E7EA2AAC8}.Release|Any CPU.Build.0 = Release|Any CPU
	EndGlobalSection
	GlobalSection(SolutionProperties) = preSolution
		HideSolutionNode = FALSE
	EndGlobalSection
	GlobalSection(NestedProjects) = preSolution
		{0467D2A4-B543-4541-84E1-86D5AC48655B} = {83E91874-65F3-4D12-B942-A4CF368E76DC}
		{B876C1EE-3B04-4B83-B1F2-86C10A4AFF1D} = {83E91874-65F3-4D12-B942-A4CF368E76DC}
		{634D1800-E9D8-44FE-A6A0-012EF08246B7} = {83E91874-65F3-4D12-B942-A4CF368E76DC}
		{EEBA4236-1FE8-4B69-A57A-96FB7AEC9777} = {28ECF5C9-2B0C-4ADA-872A-945860B98282}
		{42108830-C4D0-484C-B7B0-2105BB3BF04A} = {28ECF5C9-2B0C-4ADA-872A-945860B98282}
		{09FF6A26-C8B9-4261-A940-75FF3024EADF} = {28ECF5C9-2B0C-4ADA-872A-945860B98282}
		{67671B21-0814-4014-9D43-E38102D0B7BF} = {66E4B629-6650-44BD-A67F-25F21944A10B}
		{9D63B745-152F-4260-8473-48E31AF6661D} = {66E4B629-6650-44BD-A67F-25F21944A10B}
		{07A1C1BA-17CF-4756-B5A2-129E7EA2AAC8} = {E66A8D7D-6CB6-4801-8B9F-626B7D744ED3}
	EndGlobalSection
	GlobalSection(ExtensibilityGlobals) = postSolution
		SolutionGuid = {FF3530B9-D128-45CC-A39D-2923D4F2FA83}
	EndGlobalSection
EndGlobal
